
Microsoft Visual Studio Solution File, Format Version 12.00
# Visual Studio Version 17
VisualStudioVersion = 17.7.34024.191
MinimumVisualStudioVersion = 10.0.40219.1
Project("{FAE04EC0-301F-11D3-BF4B-00C04F79EFBC}") = "WFAHorseRacingOdev_0", "WFAHorseRacingOdev_0\WFAHorseRacingOdev_0.csproj", "{D134DA04-FD7D-4525-B859-2309858546F1}"
EndProject
Global
	GlobalSection(SolutionConfigurationPlatforms) = preSolution
		Debug|Any CPU = Debug|Any CPU
		Release|Any CPU = Release|Any CPU
	EndGlobalSection
	GlobalSection(ProjectConfigurationPlatforms) = postSolution
		{D134DA04-FD7D-4525-B859-2309858546F1}.Debug|Any CPU.ActiveCfg = Debug|Any CPU
		{D134DA04-FD7D-4525-B859-2309858546F1}.Debug|Any CPU.Build.0 = Debug|Any CPU
		{D134DA04-FD7D-4525-B859-2309858546F1}.Release|Any CPU.ActiveCfg = Release|Any CPU
		{D134DA04-FD7D-4525-B859-2309858546F1}.Release|Any CPU.Build.0 = Release|Any CPU
	EndGlobalSection
	GlobalSection(SolutionProperties) = preSolution
		HideSolutionNode = FALSE
	EndGlobalSection
	GlobalSection(ExtensibilityGlobals) = postSolution
		SolutionGuid = {81A5E101-7CF8-430C-B570-B1F42F900753}
	EndGlobalSection
EndGlobal
